
Microsoft Visual Studio Solution File, Format Version 12.00
# Visual Studio 15
VisualStudioVersion = 15.0.26730.16
MinimumVisualStudioVersion = 10.0.40219.1
Project("{FAE04EC0-301F-11D3-BF4B-00C04F79EFBC}") = "CadastroDeFigurinhas", "WebApplication2\CadastroDeFigurinhas.csproj", "{76E72620-3CA8-4E6A-ACC0-25F697EB6286}"
EndProject
Global
	GlobalSection(SolutionConfigurationPlatforms) = preSolution
		Debug|Any CPU = Debug|Any CPU
		Release|Any CPU = Release|Any CPU
	EndGlobalSection
	GlobalSection(ProjectConfigurationPlatforms) = postSolution
		{76E72620-3CA8-4E6A-ACC0-25F697EB6286}.Debug|Any CPU.ActiveCfg = Debug|Any CPU
		{76E72620-3CA8-4E6A-ACC0-25F697EB6286}.Debug|Any CPU.Build.0 = Debug|Any CPU
		{76E72620-3CA8-4E6A-ACC0-25F697EB6286}.Release|Any CPU.ActiveCfg = Release|Any CPU
		{76E72620-3CA8-4E6A-ACC0-25F697EB6286}.Release|Any CPU.Build.0 = Release|Any CPU
	EndGlobalSection
	GlobalSection(SolutionProperties) = preSolution
		HideSolutionNode = FALSE
	EndGlobalSection
	GlobalSection(ExtensibilityGlobals) = postSolution
		SolutionGuid = {9E599C4C-5626-4E7B-B205-BA78E77ED43D}
	EndGlobalSection
EndGlobal
